
Microsoft Visual Studio Solution File, Format Version 11.00
# Visual Studio 2010
Project("{FAE04EC0-301F-11D3-BF4B-00C04F79EFBC}") = "XiaonanWang_Week02", "Assembly-CSharp-firstpass.csproj", "{646271CF-33A4-5F86-1079-71C7B7AF3188}"
EndProject
Project("{FAE04EC0-301F-11D3-BF4B-00C04F79EFBC}") = "XiaonanWang_Week02", "Assembly-CSharp.csproj", "{9B69550A-3F29-F83A-2649-C6E56EFCADDF}"
EndProject
Project("{FAE04EC0-301F-11D3-BF4B-00C04F79EFBC}") = "XiaonanWang_Week02", "Assembly-CSharp-Editor-firstpass.csproj", "{1AFCAEB1-A50F-C056-54D0-B87EA14B1CDE}"
EndProject
Project("{FAE04EC0-301F-11D3-BF4B-00C04F79EFBC}") = "XiaonanWang_Week02", "Assembly-CSharp-Editor.csproj", "{BD9660B0-CB26-B713-9565-869A25F9D263}"
EndProject
Global
	GlobalSection(SolutionConfigurationPlatforms) = preSolution
		Debug|Any CPU = Debug|Any CPU
		Release|Any CPU = Release|Any CPU
	EndGlobalSection
	GlobalSection(ProjectConfigurationPlatforms) = postSolution
		{646271CF-33A4-5F86-1079-71C7B7AF3188}.Debug|Any CPU.ActiveCfg = Debug|Any CPU
		{646271CF-33A4-5F86-1079-71C7B7AF3188}.Debug|Any CPU.Build.0 = Debug|Any CPU
		{646271CF-33A4-5F86-1079-71C7B7AF3188}.Release|Any CPU.ActiveCfg = Release|Any CPU
		{646271CF-33A4-5F86-1079-71C7B7AF3188}.Release|Any CPU.Build.0 = Release|Any CPU
		{9B69550A-3F29-F83A-2649-C6E56EFCADDF}.Debug|Any CPU.ActiveCfg = Debug|Any CPU
		{9B69550A-3F29-F83A-2649-C6E56EFCADDF}.Debug|Any CPU.Build.0 = Debug|Any CPU
		{9B69550A-3F29-F83A-2649-C6E56EFCADDF}.Release|Any CPU.ActiveCfg = Release|Any CPU
		{9B69550A-3F29-F83A-2649-C6E56EFCADDF}.Release|Any CPU.Build.0 = Release|Any CPU
		{1AFCAEB1-A50F-C056-54D0-B87EA14B1CDE}.Debug|Any CPU.ActiveCfg = Debug|Any CPU
		{1AFCAEB1-A50F-C056-54D0-B87EA14B1CDE}.Debug|Any CPU.Build.0 = Debug|Any CPU
		{1AFCAEB1-A50F-C056-54D0-B87EA14B1CDE}.Release|Any CPU.ActiveCfg = Release|Any CPU
		{1AFCAEB1-A50F-C056-54D0-B87EA14B1CDE}.Release|Any CPU.Build.0 = Release|Any CPU
		{BD9660B0-CB26-B713-9565-869A25F9D263}.Debug|Any CPU.ActiveCfg = Debug|Any CPU
		{BD9660B0-CB26-B713-9565-869A25F9D263}.Debug|Any CPU.Build.0 = Debug|Any CPU
		{BD9660B0-CB26-B713-9565-869A25F9D263}.Release|Any CPU.ActiveCfg = Release|Any CPU
		{BD9660B0-CB26-B713-9565-869A25F9D263}.Release|Any CPU.Build.0 = Release|Any CPU
	EndGlobalSection
	GlobalSection(SolutionProperties) = preSolution
		HideSolutionNode = FALSE
	EndGlobalSection
	GlobalSection(MonoDevelopProperties) = preSolution
		StartupItem = Assembly-CSharp.csproj
	EndGlobalSection
EndGlobal
